
Microsoft Visual Studio Solution File, Format Version 12.00
# Visual Studio Version 17
VisualStudioVersion = 17.8.34525.116
MinimumVisualStudioVersion = 10.0.40219.1
Project("{FAE04EC0-301F-11D3-BF4B-00C04F79EFBC}") = "MvcAllinRent", "MvcAllinRent.csproj", "{F99B3900-A5C4-4051-AE2F-10E2FD1BC7CB}"
EndProject
Global
	GlobalSection(SolutionConfigurationPlatforms) = preSolution
		Debug|Any CPU = Debug|Any CPU
		Release|Any CPU = Release|Any CPU
	EndGlobalSection
	GlobalSection(ProjectConfigurationPlatforms) = postSolution
		{F99B3900-A5C4-4051-AE2F-10E2FD1BC7CB}.Debug|Any CPU.ActiveCfg = Debug|Any CPU
		{F99B3900-A5C4-4051-AE2F-10E2FD1BC7CB}.Debug|Any CPU.Build.0 = Debug|Any CPU
		{F99B3900-A5C4-4051-AE2F-10E2FD1BC7CB}.Release|Any CPU.ActiveCfg = Release|Any CPU
		{F99B3900-A5C4-4051-AE2F-10E2FD1BC7CB}.Release|Any CPU.Build.0 = Release|Any CPU
	EndGlobalSection
	GlobalSection(SolutionProperties) = preSolution
		HideSolutionNode = FALSE
	EndGlobalSection
	GlobalSection(ExtensibilityGlobals) = postSolution
		SolutionGuid = {4CF23126-B76C-4FDA-90A5-7A1EE9802B96}
	EndGlobalSection
EndGlobal
